
Microsoft Visual Studio Solution File, Format Version 12.00
# Visual Studio Version 17
VisualStudioVersion = 17.0.32014.148
MinimumVisualStudioVersion = 10.0.40219.1
Project("{9A19103F-16F7-4668-BE54-9A1E7A4F7556}") = "Event", "Event.csproj", "{DD7424B1-932B-4830-B430-B549E4FF8111}"
EndProject
Global
	GlobalSection(SolutionConfigurationPlatforms) = preSolution
		Debug|Any CPU = Debug|Any CPU
		Release|Any CPU = Release|Any CPU
	EndGlobalSection
	GlobalSection(ProjectConfigurationPlatforms) = postSolution
		{DD7424B1-932B-4830-B430-B549E4FF8111}.Debug|Any CPU.ActiveCfg = Release|Any CPU
		{DD7424B1-932B-4830-B430-B549E4FF8111}.Debug|Any CPU.Build.0 = Release|Any CPU
		{DD7424B1-932B-4830-B430-B549E4FF8111}.Release|Any CPU.ActiveCfg = Release|Any CPU
		{DD7424B1-932B-4830-B430-B549E4FF8111}.Release|Any CPU.Build.0 = Release|Any CPU
	EndGlobalSection
	GlobalSection(SolutionProperties) = preSolution
		HideSolutionNode = FALSE
	EndGlobalSection
	GlobalSection(ExtensibilityGlobals) = postSolution
		SolutionGuid = {6B74353C-747B-4FFB-86C9-53BD6BFAC0D1}
	EndGlobalSection
EndGlobal
